{
  "name": "frontend",
  "lockfileVersion": 3,
  "requires": true,
  "packages": {
    "": {
      "dependencies": {
        "graphology": "^0.26.0",
        "sigma": "^3.0.2"
      }
    },
    "node_modules/events": {
      "version": "3.3.0",
      "resolved": "https://registry.npmjs.org/events/-/events-3.3.0.tgz",
      "integrity": "sha512-mQw+2fkQbALzQ7V0MY0IqdnXNOeTtP4r0lN9z7AAawCXgqea7bDii20AYrIBrFd/Hx0M2Ocz6S111CaFkUcb0Q==",
      "license": "MIT",
      "engines": {
        "node": ">=0.8.x"
      }
    },
    "node_modules/graphology": {
      "version": "0.26.0",
      "resolved": "https://registry.npmjs.org/graphology/-/graphology-0.26.0.tgz",
      "integrity": "sha512-8SSImzgUUYC89Z042s+0r/vMibY7GX/Emz4LDO5e7jYXhuoWfHISPFJYjpRLUSJGq6UQ6xlenvX1p/hJdfXuXg==",
      "license": "MIT",
      "dependencies": {
        "events": "^3.3.0"
      },
      "peerDependencies": {
        "graphology-types": ">=0.24.0"
      }
    },
    "node_modules/graphology-types": {
      "version": "0.24.8",
      "resolved": "https://registry.npmjs.org/graphology-types/-/graphology-types-0.24.8.tgz",
      "integrity": "sha512-hDRKYXa8TsoZHjgEaysSRyPdT6uB78Ci8WnjgbStlQysz7xR52PInxNsmnB7IBOM1BhikxkNyCVEFgmPKnpx3Q==",
      "license": "MIT",
      "peer": true
    },
    "node_modules/graphology-utils": {
      "version": "2.5.2",
      "resolved": "https://registry.npmjs.org/graphology-utils/-/graphology-utils-2.5.2.tgz",
      "integrity": "sha512-ckHg8MXrXJkOARk56ZaSCM1g1Wihe2d6iTmz1enGOz4W/l831MBCKSayeFQfowgF8wd+PQ4rlch/56Vs/VZLDQ==",
      "license": "MIT",
      "peerDependencies": {
        "graphology-types": ">=0.23.0"
      }
    },
    "node_modules/sigma": {
      "version": "3.0.2",
      "resolved": "https://registry.npmjs.org/sigma/-/sigma-3.0.2.tgz",
      "integrity": "sha512-/BUbeOwPGruiBOm0YQQ6ZMcLIZ6tf/W+Jcm7dxZyAX0tK3WP9/sq7/NAWBxPIxVahdGjCJoGwej0Gdrv0DxlQQ==",
      "license": "MIT",
      "dependencies": {
        "events": "^3.3.0",
        "graphology-utils": "^2.5.2"
      }
    }
  }
}
